
Microsoft Visual Studio Solution File, Format Version 12.00
# Visual Studio 14
VisualStudioVersion = 14.0.25420.1
MinimumVisualStudioVersion = 10.0.40219.1
Project("{FAE04EC0-301F-11D3-BF4B-00C04F79EFBC}") = "X2O", "X2O\X2O.csproj", "{E43DC5A1-CED2-499E-8D45-2D67F8E3F091}"
EndProject
Project("{FAE04EC0-301F-11D3-BF4B-00C04F79EFBC}") = "X2O.Test", "X2O.Test\X2O.Test.csproj", "{C6092BFF-02C8-4B6D-969D-34ED0F43C599}"
EndProject
Global
	GlobalSection(SolutionConfigurationPlatforms) = preSolution
		Debug|Any CPU = Debug|Any CPU
		Release|Any CPU = Release|Any CPU
	EndGlobalSection
	GlobalSection(ProjectConfigurationPlatforms) = postSolution
		{E43DC5A1-CED2-499E-8D45-2D67F8E3F091}.Debug|Any CPU.ActiveCfg = Debug|Any CPU
		{E43DC5A1-CED2-499E-8D45-2D67F8E3F091}.Debug|Any CPU.Build.0 = Debug|Any CPU
		{E43DC5A1-CED2-499E-8D45-2D67F8E3F091}.Release|Any CPU.ActiveCfg = Release|Any CPU
		{E43DC5A1-CED2-499E-8D45-2D67F8E3F091}.Release|Any CPU.Build.0 = Release|Any CPU
		{C6092BFF-02C8-4B6D-969D-34ED0F43C599}.Debug|Any CPU.ActiveCfg = Debug|Any CPU
		{C6092BFF-02C8-4B6D-969D-34ED0F43C599}.Debug|Any CPU.Build.0 = Debug|Any CPU
		{C6092BFF-02C8-4B6D-969D-34ED0F43C599}.Release|Any CPU.ActiveCfg = Release|Any CPU
		{C6092BFF-02C8-4B6D-969D-34ED0F43C599}.Release|Any CPU.Build.0 = Release|Any CPU
	EndGlobalSection
	GlobalSection(SolutionProperties) = preSolution
		HideSolutionNode = FALSE
	EndGlobalSection
EndGlobal
